// !$*UTF8*$!
{
	archiveVersion = 1;
	classes = {
	};
	objectVersion = 46;
	objects = {

/* Begin PBXBuildFile section */
		CB59E5891CAD8AAE00DE89D5 /* AppDelegate.swift in Sources */ = {isa = PBXBuildFile; fileRef = CB59E5881CAD8AAE00DE89D5 /* AppDelegate.swift */; };
		CB59E58B1CAD8AAE00DE89D5 /* ViewController.swift in Sources */ = {isa = PBXBuildFile; fileRef = CB59E58A1CAD8AAE00DE89D5 /* ViewController.swift */; };
		CB59E58E1CAD8AAE00DE89D5 /* Main.storyboard in Resources */ = {isa = PBXBuildFile; fileRef = CB59E58C1CAD8AAE00DE89D5 /* Main.storyboard */; };
		CB59E5911CAD8AAE00DE89D5 /* sesionIOS.xcdatamodeld in Sources */ = {isa = PBXBuildFile; fileRef = CB59E58F1CAD8AAE00DE89D5 /* sesionIOS.xcdatamodeld */; };
		CB59E5931CAD8AAE00DE89D5 /* Assets.xcassets in Resources */ = {isa = PBXBuildFile; fileRef = CB59E5921CAD8AAE00DE89D5 /* Assets.xcassets */; };
		CB59E5961CAD8AAE00DE89D5 /* LaunchScreen.storyboard in Resources */ = {isa = PBXBuildFile; fileRef = CB59E5941CAD8AAE00DE89D5 /* LaunchScreen.storyboard */; };
/* End PBXBuildFile section */

/* Begin PBXFileReference section */
		CB59E5851CAD8AAE00DE89D5 /* sesionIOS.app */ = {isa = PBXFileReference; explicitFileType = wrapper.application; includeInIndex = 0; path = sesionIOS.app; sourceTree = BUILT_PRODUCTS_DIR; };
		CB59E5881CAD8AAE00DE89D5 /* AppDelegate.swift */ = {isa = PBXFileReference; lastKnownFileType = sourcecode.swift; path = AppDelegate.swift; sourceTree = "<group>"; };
		CB59E58A1CAD8AAE00DE89D5 /* ViewController.swift */ = {isa = PBXFileReference; lastKnownFileType = sourcecode.swift; path = ViewController.swift; sourceTree = "<group>"; };
		CB59E58D1CAD8AAE00DE89D5 /* Base */ = {isa = PBXFileReference; lastKnownFileType = file.storyboard; name = Base; path = Base.lproj/Main.storyboard; sourceTree = "<group>"; };
		CB59E5901CAD8AAE00DE89D5 /* sesionIOS.xcdatamodel */ = {isa = PBXFileReference; lastKnownFileType = wrapper.xcdatamodel; path = sesionIOS.xcdatamodel; sourceTree = "<group>"; };
		CB59E5921CAD8AAE00DE89D5 /* Assets.xcassets */ = {isa = PBXFileReference; lastKnownFileType = folder.assetcatalog; path = Assets.xcassets; sourceTree = "<group>"; };
		CB59E5951CAD8AAE00DE89D5 /* Base */ = {isa = PBXFileReference; lastKnownFileType = file.storyboard; name = Base; path = Base.lproj/LaunchScreen.storyboard; sourceTree = "<group>"; };
		CB59E5971CAD8AAE00DE89D5 /* Info.plist */ = {isa = PBXFileReference; lastKnownFileType = text.plist.xml; path = Info.plist; sourceTree = "<group>"; };
/* End PBXFileReference section */

/* Begin PBXFrameworksBuildPhase section */
		CB59E5821CAD8AAE00DE89D5 /* Frameworks */ = {
			isa = PBXFrameworksBuildPhase;
			buildActionMask = 2147483647;
			files = (
			);
			runOnlyForDeploymentPostprocessing = 0;
		};
/* End PBXFrameworksBuildPhase section */

/* Begin PBXGroup section */
		CB59E57C1CAD8AAE00DE89D5 = {
			isa = PBXGroup;
			children = (
				CB59E5871CAD8AAE00DE89D5 /* sesionIOS */,
				CB59E5861CAD8AAE00DE89D5 /* Products */,
			);
			sourceTree = "<group>";
		};
		CB59E5861CAD8AAE00DE89D5 /* Products */ = {
			isa = PBXGroup;
			children = (
				CB59E5851CAD8AAE00DE89D5 /* sesionIOS.app */,
			);
			name = Products;
			sourceTree = "<group>";
		};
		CB59E5871CAD8AAE00DE89D5 /* sesionIOS */ = {
			isa = PBXGroup;
			children = (
				CB59E5881CAD8AAE00DE89D5 /* AppDelegate.swift */,
				CB59E58A1CAD8AAE00DE89D5 /* ViewController.swift */,
				CB59E58C1CAD8AAE00DE89D5 /* Main.storyboard */,
				CB59E5921CAD8AAE00DE89D5 /* Assets.xcassets */,
				CB59E5941CAD8AAE00DE89D5 /* LaunchScreen.storyboard */,
				CB59E5971CAD8AAE00DE89D5 /* Info.plist */,
				CB59E58F1CAD8AAE00DE89D5 /* sesionIOS.xcdatamodeld */,
			);
			path = sesionIOS;
			sourceTree = "<group>";
		};
/* End PBXGroup section */

/* Begin PBXNativeTarget section */
		CB59E5841CAD8AAE00DE89D5 /* sesionIOS */ = {
			isa = PBXNativeTarget;
			buildConfigurationList = CB59E59A1CAD8AAE00DE89D5 /* Build configuration list for PBXNativeTarget "sesionIOS" */;
			buildPhases = (
				CB59E5811CAD8AAE00DE89D5 /* Sources */,
				CB59E5821CAD8AAE00DE89D5 /* Frameworks */,
				CB59E5831CAD8AAE00DE89D5 /* Resources */,
			);
			buildRules = (
			);
			dependencies = (
			);
			name = sesionIOS;
			productName = sesionIOS;
			productReference = CB59E5851CAD8AAE00DE89D5 /* sesionIOS.app */;
			productType = "com.apple.product-type.application";
		};
/* End PBXNativeTarget section */

/* Begin PBXProject section */
		CB59E57D1CAD8AAE00DE89D5 /* Project object */ = {
			isa = PBXProject;
			attributes = {
				LastSwiftUpdateCheck = 0720;
				LastUpgradeCheck = 0720;
				ORGANIZATIONNAME = vik;
				TargetAttributes = {
					CB59E5841CAD8AAE00DE89D5 = {
						CreatedOnToolsVersion = 7.2.1;
					};
				};
			};
			buildConfigurationList = CB59E5801CAD8AAE00DE89D5 /* Build configuration list for PBXProject "sesionIOS" */;
			compatibilityVersion = "Xcode 3.2";
			developmentRegion = English;
			hasScannedForEncodings = 0;
			knownRegions = (
				en,
				Base,
			);
			mainGroup = CB59E57C1CAD8AAE00DE89D5;
			productRefGroup = CB59E5861CAD8AAE00DE89D5 /* Products */;
			projectDirPath = "";
			projectRoot = "";
			targets = (
				CB59E5841CAD8AAE00DE89D5 /* sesionIOS */,
			);
		};
/* End PBXProject section */

/* Begin PBXResourcesBuildPhase section */
		CB59E5831CAD8AAE00DE89D5 /* Resources */ = {
			isa = PBXResourcesBuildPhase;
			buildActionMask = 2147483647;
			files = (
				CB59E5961CAD8AAE00DE89D5 /* LaunchScreen.storyboard in Resources */,
				CB59E5931CAD8AAE00DE89D5 /* Assets.xcassets in Resources */,
				CB59E58E1CAD8AAE00DE89D5 /* Main.storyboard in Resources */,
			);
			runOnlyForDeploymentPostprocessing = 0;
		};
/* End PBXResourcesBuildPhase section */

/* Begin PBXSourcesBuildPhase section */
		CB59E5811CAD8AAE00DE89D5 /* Sources */ = {
			isa = PBXSourcesBuildPhase;
			buildActionMask = 2147483647;
			files = (
				CB59E58B1CAD8AAE00DE89D5 /* ViewController.swift in Sources */,
				CB59E5911CAD8AAE00DE89D5 /* sesionIOS.xcdatamodeld in Sources */,
				CB59E5891CAD8AAE00DE89D5 /* AppDelegate.swift in Sources */,
			);
			runOnlyForDeploymentPostprocessing = 0;
		};
/* End PBXSourcesBuildPhase section */

/* Begin PBXVariantGroup section */
		CB59E58C1CAD8AAE00DE89D5 /* Main.storyboard */ = {
			isa = PBXVariantGroup;
			children = (
				CB59E58D1CAD8AAE00DE89D5 /* Base */,
			);
			name = Main.storyboard;
			sourceTree = "<group>";
		};
		CB59E5941CAD8AAE00DE89D5 /* LaunchScreen.storyboard */ = {
			isa = PBXVariantGroup;
			children = (
				CB59E5951CAD8AAE00DE89D5 /* Base */,
			);
			name = LaunchScreen.storyboard;
			sourceTree = "<group>";
		};
/* End PBXVariantGroup section */

/* Begin XCBuildConfiguration section */
		CB59E5981CAD8AAE00DE89D5 /* Debug */ = {
			isa = XCBuildConfiguration;
			buildSettings = {
				ALWAYS_SEARCH_USER_PATHS = NO;
				CLANG_CXX_LANGUAGE_STANDARD = "gnu++0x";
				CLANG_CXX_LIBRARY = "libc++";
				CLANG_ENABLE_MODULES = YES;
				CLANG_ENABLE_OBJC_ARC = YES;
				CLANG_WARN_BOOL_CONVERSION = YES;
				CLANG_WARN_CONSTANT_CONVERSION = YES;
				CLANG_WARN_DIRECT_OBJC_ISA_USAGE = YES_ERROR;
				CLANG_WARN_EMPTY_BODY = YES;
				CLANG_WARN_ENUM_CONVERSION = YES;
				CLANG_WARN_INT_CONVERSION = YES;
				CLANG_WARN_OBJC_ROOT_CLASS = YES_ERROR;
				CLANG_WARN_UNREACHABLE_CODE = YES;
				CLANG_WARN__DUPLICATE_METHOD_MATCH = YES;
				"CODE_SIGN_IDENTITY[sdk=iphoneos*]" = "iPhone Developer";
				COPY_PHASE_STRIP = NO;
				DEBUG_INFORMATION_FORMAT = dwarf;
				ENABLE_STRICT_OBJC_MSGSEND = YES;
				ENABLE_TESTABILITY = YES;
				GCC_C_LANGUAGE_STANDARD = gnu99;
				GCC_DYNAMIC_NO_PIC = NO;
				GCC_NO_COMMON_BLOCKS = YES;
				GCC_OPTIMIZATION_LEVEL = 0;
				GCC_PREPROCESSOR_DEFINITIONS = (
					"DEBUG=1",
					"$(inherited)",
				);
				GCC_WARN_64_TO_32_BIT_CONVERSION = YES;
				GCC_WARN_ABOUT_RETURN_TYPE = YES_ERROR;
				GCC_WARN_UNDECLARED_SELECTOR = YES;
				GCC_WARN_UNINITIALIZED_AUTOS = YES_AGGRESSIVE;
				GCC_WARN_UNUSED_FUNCTION = YES;
				GCC_WARN_UNUSED_VARIABLE = YES;
				IPHONEOS_DEPLOYMENT_TARGET = 9.2;
				MTL_ENABLE_DEBUG_INFO = YES;
				ONLY_ACTIVE_ARCH = YES;
				SDKROOT = iphoneos;
				SWIFT_OPTIMIZATION_LEVEL = "-Onone";
				TARGETED_DEVICE_FAMILY = "1,2";
			};
			name = Debug;
		};
		CB59E5991CAD8AAE00DE89D5 /* Release */ = {
			isa = XCBuildConfiguration;
			buildSettings = {
				ALWAYS_SEARCH_USER_PATHS = NO;
				CLANG_CXX_LANGUAGE_STANDARD = "gnu++0x";
				CLANG_CXX_LIBRARY = "libc++";
				CLANG_ENABLE_MODULES = YES;
				CLANG_ENABLE_OBJC_ARC = YES;
				CLANG_WARN_BOOL_CONVERSION = YES;
				CLANG_WARN_CONSTANT_CONVERSION = YES;
				CLANG_WARN_DIRECT_OBJC_ISA_USAGE = YES_ERROR;
				CLANG_WARN_EMPTY_BODY = YES;
				CLANG_WARN_ENUM_CONVERSION = YES;
				CLANG_WARN_INT_CONVERSION = YES;
				CLANG_WARN_OBJC_ROOT_CLASS = YES_ERROR;
				CLANG_WARN_UNREACHABLE_CODE = YES;
				CLANG_WARN__DUPLICATE_METHOD_MATCH = YES;
				"CODE_SIGN_IDENTITY[sdk=iphoneos*]" = "iPhone Developer";
				COPY_PHASE_STRIP = NO;
				DEBUG_INFORMATION_FORMAT = "dwarf-with-dsym";
				ENABLE_NS_ASSERTIONS = NO;
				ENABLE_STRICT_OBJC_MSGSEND = YES;
				GCC_C_LANGUAGE_STANDARD = gnu99;
				GCC_NO_COMMON_BLOCKS = YES;
				GCC_WARN_64_TO_32_BIT_CONVERSION = YES;
				GCC_WARN_ABOUT_RETURN_TYPE = YES_ERROR;
				GCC_WARN_UNDECLARED_SELECTOR = YES;
				GCC_WARN_UNINITIALIZED_AUTOS = YES_AGGRESSIVE;
				GCC_WARN_UNUSED_FUNCTION = YES;
				GCC_WARN_UNUSED_VARIABLE = YES;
				IPHONEOS_DEPLOYMENT_TARGET = 9.2;
				MTL_ENABLE_DEBUG_INFO = NO;
				SDKROOT = iphoneos;
				TARGETED_DEVICE_FAMILY = "1,2";
				VALIDATE_PRODUCT = YES;
			};
			name = Release;
		};
		CB59E59B1CAD8AAE00DE89D5 /* Debug */ = {
			isa = XCBuildConfiguration;
			buildSettings = {
				ASSETCATALOG_COMPILER_APPICON_NAME = AppIcon;
				INFOPLIST_FILE = sesionIOS/Info.plist;
				LD_RUNPATH_SEARCH_PATHS = "$(inherited) @executable_path/Frameworks";
				PRODUCT_BUNDLE_IDENTIFIER = com.viktor.sesionIOS;
				PRODUCT_NAME = "$(TARGET_NAME)";
			};
			name = Debug;
		};
		CB59E59C1CAD8AAE00DE89D5 /* Release */ = {
			isa = XCBuildConfiguration;
			buildSettings = {
				ASSETCATALOG_COMPILER_APPICON_NAME = AppIcon;
				INFOPLIST_FILE = sesionIOS/Info.plist;
				LD_RUNPATH_SEARCH_PATHS = "$(inherited) @executable_path/Frameworks";
				PRODUCT_BUNDLE_IDENTIFIER = com.viktor.sesionIOS;
				PRODUCT_NAME = "$(TARGET_NAME)";
			};
			name = Release;
		};
/* End XCBuildConfiguration section */

/* Begin XCConfigurationList section */
		CB59E5801CAD8AAE00DE89D5 /* Build configuration list for PBXProject "sesionIOS" */ = {
			isa = XCConfigurationList;
			buildConfigurations = (
				CB59E5981CAD8AAE00DE89D5 /* Debug */,
				CB59E5991CAD8AAE00DE89D5 /* Release */,
			);
			defaultConfigurationIsVisible = 0;
			defaultConfigurationName = Release;
		};
		CB59E59A1CAD8AAE00DE89D5 /* Build configuration list for PBXNativeTarget "sesionIOS" */ = {
			isa = XCConfigurationList;
			buildConfigurations = (
				CB59E59B1CAD8AAE00DE89D5 /* Debug */,
				CB59E59C1CAD8AAE00DE89D5 /* Release */,
			);
			defaultConfigurationIsVisible = 0;
		};
/* End XCConfigurationList section */

/* Begin XCVersionGroup section */
		CB59E58F1CAD8AAE00DE89D5 /* sesionIOS.xcdatamodeld */ = {
			isa = XCVersionGroup;
			children = (
				CB59E5901CAD8AAE00DE89D5 /* sesionIOS.xcdatamodel */,
			);
			currentVersion = CB59E5901CAD8AAE00DE89D5 /* sesionIOS.xcdatamodel */;
			path = sesionIOS.xcdatamodeld;
			sourceTree = "<group>";
			versionGroupType = wrapper.xcdatamodel;
		};
/* End XCVersionGroup section */
	};
	rootObject = CB59E57D1CAD8AAE00DE89D5 /* Project object */;
}
